// !$*UTF8*$!
{
	archiveVersion = 1;
	classes = {
	};
	objectVersion = 46;
	objects = {

/* Begin PBXBuildFile section */
		439AD8DB1B8C602500729B54 /* main.m in Sources */ = {isa = PBXBuildFile; fileRef = 439AD8DA1B8C602500729B54 /* main.m */; };
		439AD8DE1B8C602500729B54 /* AppDelegate.m in Sources */ = {isa = PBXBuildFile; fileRef = 439AD8DD1B8C602500729B54 /* AppDelegate.m */; };
		439AD8E11B8C602500729B54 /* ViewController.m in Sources */ = {isa = PBXBuildFile; fileRef = 439AD8E01B8C602500729B54 /* ViewController.m */; };
		439AD8E41B8C602500729B54 /* Main.storyboard in Resources */ = {isa = PBXBuildFile; fileRef = 439AD8E21B8C602500729B54 /* Main.storyboard */; };
		439AD8E61B8C602500729B54 /* Images.xcassets in Resources */ = {isa = PBXBuildFile; fileRef = 439AD8E51B8C602500729B54 /* Images.xcassets */; };
		439AD8E91B8C602500729B54 /* LaunchScreen.xib in Resources */ = {isa = PBXBuildFile; fileRef = 439AD8E71B8C602500729B54 /* LaunchScreen.xib */; };
		439AD8F51B8C602500729B54 /* GithubTestTests.m in Sources */ = {isa = PBXBuildFile; fileRef = 439AD8F41B8C602500729B54 /* GithubTestTests.m */; };
/* End PBXBuildFile section */

/* Begin PBXContainerItemProxy section */
		439AD8EF1B8C602500729B54 /* PBXContainerItemProxy */ = {
			isa = PBXContainerItemProxy;
			containerPortal = 439AD8CD1B8C602500729B54 /* Project object */;
			proxyType = 1;
			remoteGlobalIDString = 439AD8D41B8C602500729B54;
			remoteInfo = GithubTest;
		};
/* End PBXContainerItemProxy section */

/* Begin PBXFileReference section */
		439AD8D51B8C602500729B54 /* GithubTest.app */ = {isa = PBXFileReference; explicitFileType = wrapper.application; includeInIndex = 0; path = GithubTest.app; sourceTree = BUILT_PRODUCTS_DIR; };
		439AD8D91B8C602500729B54 /* Info.plist */ = {isa = PBXFileReference; lastKnownFileType = text.plist.xml; path = Info.plist; sourceTree = "<group>"; };
		439AD8DA1B8C602500729B54 /* main.m */ = {isa = PBXFileReference; lastKnownFileType = sourcecode.c.objc; path = main.m; sourceTree = "<group>"; };
		439AD8DC1B8C602500729B54 /* AppDelegate.h */ = {isa = PBXFileReference; lastKnownFileType = sourcecode.c.h; path = AppDelegate.h; sourceTree = "<group>"; };
		439AD8DD1B8C602500729B54 /* AppDelegate.m */ = {isa = PBXFileReference; lastKnownFileType = sourcecode.c.objc; path = AppDelegate.m; sourceTree = "<group>"; };
		439AD8DF1B8C602500729B54 /* ViewController.h */ = {isa = PBXFileReference; lastKnownFileType = sourcecode.c.h; path = ViewController.h; sourceTree = "<group>"; };
		439AD8E01B8C602500729B54 /* ViewController.m */ = {isa = PBXFileReference; lastKnownFileType = sourcecode.c.objc; path = ViewController.m; sourceTree = "<group>"; };
		439AD8E31B8C602500729B54 /* Base */ = {isa = PBXFileReference; lastKnownFileType = file.storyboard; name = Base; path = Base.lproj/Main.storyboard; sourceTree = "<group>"; };
		439AD8E51B8C602500729B54 /* Images.xcassets */ = {isa = PBXFileReference; lastKnownFileType = folder.assetcatalog; path = Images.xcassets; sourceTree = "<group>"; };
		439AD8E81B8C602500729B54 /* Base */ = {isa = PBXFileReference; lastKnownFileType = file.xib; name = Base; path = Base.lproj/LaunchScreen.xib; sourceTree = "<group>"; };
		439AD8EE1B8C602500729B54 /* GithubTestTests.xctest */ = {isa = PBXFileReference; explicitFileType = wrapper.cfbundle; includeInIndex = 0; path = GithubTestTests.xctest; sourceTree = BUILT_PRODUCTS_DIR; };
		439AD8F31B8C602500729B54 /* Info.plist */ = {isa = PBXFileReference; lastKnownFileType = text.plist.xml; path = Info.plist; sourceTree = "<group>"; };
		439AD8F41B8C602500729B54 /* GithubTestTests.m */ = {isa = PBXFileReference; lastKnownFileType = sourcecode.c.objc; path = GithubTestTests.m; sourceTree = "<group>"; };
/* End PBXFileReference section */

/* Begin PBXFrameworksBuildPhase section */
		439AD8D21B8C602500729B54 /* Frameworks */ = {
			isa = PBXFrameworksBuildPhase;
			buildActionMask = 2147483647;
			files = (
			);
			runOnlyForDeploymentPostprocessing = 0;
		};
		439AD8EB1B8C602500729B54 /* Frameworks */ = {
			isa = PBXFrameworksBuildPhase;
			buildActionMask = 2147483647;
			files = (
			);
			runOnlyForDeploymentPostprocessing = 0;
		};
/* End PBXFrameworksBuildPhase section */

/* Begin PBXGroup section */
		439AD8CC1B8C602500729B54 = {
			isa = PBXGroup;
			children = (
				439AD8D71B8C602500729B54 /* GithubTest */,
				439AD8F11B8C602500729B54 /* GithubTestTests */,
				439AD8D61B8C602500729B54 /* Products */,
			);
			sourceTree = "<group>";
		};
		439AD8D61B8C602500729B54 /* Products */ = {
			isa = PBXGroup;
			children = (
				439AD8D51B8C602500729B54 /* GithubTest.app */,
				439AD8EE1B8C602500729B54 /* GithubTestTests.xctest */,
			);
			name = Products;
			sourceTree = "<group>";
		};
		439AD8D71B8C602500729B54 /* GithubTest */ = {
			isa = PBXGroup;
			children = (
				439AD8DC1B8C602500729B54 /* AppDelegate.h */,
				439AD8DD1B8C602500729B54 /* AppDelegate.m */,
				439AD8DF1B8C602500729B54 /* ViewController.h */,
				439AD8E01B8C602500729B54 /* ViewController.m */,
				439AD8E21B8C602500729B54 /* Main.storyboard */,
				439AD8E51B8C602500729B54 /* Images.xcassets */,
				439AD8E71B8C602500729B54 /* LaunchScreen.xib */,
				439AD8D81B8C602500729B54 /* Supporting Files */,
			);
			path = GithubTest;
			sourceTree = "<group>";
		};
		439AD8D81B8C602500729B54 /* Supporting Files */ = {
			isa = PBXGroup;
			children = (
				439AD8D91B8C602500729B54 /* Info.plist */,
				439AD8DA1B8C602500729B54 /* main.m */,
			);
			name = "Supporting Files";
			sourceTree = "<group>";
		};
		439AD8F11B8C602500729B54 /* GithubTestTests */ = {
			isa = PBXGroup;
			children = (
				439AD8F41B8C602500729B54 /* GithubTestTests.m */,
				439AD8F21B8C602500729B54 /* Supporting Files */,
			);
			path = GithubTestTests;
			sourceTree = "<group>";
		};
		439AD8F21B8C602500729B54 /* Supporting Files */ = {
			isa = PBXGroup;
			children = (
				439AD8F31B8C602500729B54 /* Info.plist */,
			);
			name = "Supporting Files";
			sourceTree = "<group>";
		};
/* End PBXGroup section */

/* Begin PBXNativeTarget section */
		439AD8D41B8C602500729B54 /* GithubTest */ = {
			isa = PBXNativeTarget;
			buildConfigurationList = 439AD8F81B8C602500729B54 /* Build configuration list for PBXNativeTarget "GithubTest" */;
			buildPhases = (
				439AD8D11B8C602500729B54 /* Sources */,
				439AD8D21B8C602500729B54 /* Frameworks */,
				439AD8D31B8C602500729B54 /* Resources */,
			);
			buildRules = (
			);
			dependencies = (
			);
			name = GithubTest;
			productName = GithubTest;
			productReference = 439AD8D51B8C602500729B54 /* GithubTest.app */;
			productType = "com.apple.product-type.application";
		};
		439AD8ED1B8C602500729B54 /* GithubTestTests */ = {
			isa = PBXNativeTarget;
			buildConfigurationList = 439AD8FB1B8C602500729B54 /* Build configuration list for PBXNativeTarget "GithubTestTests" */;
			buildPhases = (
				439AD8EA1B8C602500729B54 /* Sources */,
				439AD8EB1B8C602500729B54 /* Frameworks */,
				439AD8EC1B8C602500729B54 /* Resources */,
			);
			buildRules = (
			);
			dependencies = (
				439AD8F01B8C602500729B54 /* PBXTargetDependency */,
			);
			name = GithubTestTests;
			productName = GithubTestTests;
			productReference = 439AD8EE1B8C602500729B54 /* GithubTestTests.xctest */;
			productType = "com.apple.product-type.bundle.unit-test";
		};
/* End PBXNativeTarget section */

/* Begin PBXProject section */
		439AD8CD1B8C602500729B54 /* Project object */ = {
			isa = PBXProject;
			attributes = {
				LastUpgradeCheck = 0630;
				ORGANIZATIONNAME = lichong;
				TargetAttributes = {
					439AD8D41B8C602500729B54 = {
						CreatedOnToolsVersion = 6.3.2;
					};
					439AD8ED1B8C602500729B54 = {
						CreatedOnToolsVersion = 6.3.2;
						TestTargetID = 439AD8D41B8C602500729B54;
					};
				};
			};
			buildConfigurationList = 439AD8D01B8C602500729B54 /* Build configuration list for PBXProject "GithubTest" */;
			compatibilityVersion = "Xcode 3.2";
			developmentRegion = English;
			hasScannedForEncodings = 0;
			knownRegions = (
				en,
				Base,
			);
			mainGroup = 439AD8CC1B8C602500729B54;
			productRefGroup = 439AD8D61B8C602500729B54 /* Products */;
			projectDirPath = "";
			projectRoot = "";
			targets = (
				439AD8D41B8C602500729B54 /* GithubTest */,
				439AD8ED1B8C602500729B54 /* GithubTestTests */,
			);
		};
/* End PBXProject section */

/* Begin PBXResourcesBuildPhase section */
		439AD8D31B8C602500729B54 /* Resources */ = {
			isa = PBXResourcesBuildPhase;
			buildActionMask = 2147483647;
			files = (
				439AD8E41B8C602500729B54 /* Main.storyboard in Resources */,
				439AD8E91B8C602500729B54 /* LaunchScreen.xib in Resources */,
				439AD8E61B8C602500729B54 /* Images.xcassets in Resources */,
			);
			runOnlyForDeploymentPostprocessing = 0;
		};
		439AD8EC1B8C602500729B54 /* Resources */ = {
			isa = PBXResourcesBuildPhase;
			buildActionMask = 2147483647;
			files = (
			);
			runOnlyForDeploymentPostprocessing = 0;
		};
/* End PBXResourcesBuildPhase section */

/* Begin PBXSourcesBuildPhase section */
		439AD8D11B8C602500729B54 /* Sources */ = {
			isa = PBXSourcesBuildPhase;
			buildActionMask = 2147483647;
			files = (
				439AD8E11B8C602500729B54 /* ViewController.m in Sources */,
				439AD8DE1B8C602500729B54 /* AppDelegate.m in Sources */,
				439AD8DB1B8C602500729B54 /* main.m in Sources */,
			);
			runOnlyForDeploymentPostprocessing = 0;
		};
		439AD8EA1B8C602500729B54 /* Sources */ = {
			isa = PBXSourcesBuildPhase;
			buildActionMask = 2147483647;
			files = (
				439AD8F51B8C602500729B54 /* GithubTestTests.m in Sources */,
			);
			runOnlyForDeploymentPostprocessing = 0;
		};
/* End PBXSourcesBuildPhase section */

/* Begin PBXTargetDependency section */
		439AD8F01B8C602500729B54 /* PBXTargetDependency */ = {
			isa = PBXTargetDependency;
			target = 439AD8D41B8C602500729B54 /* GithubTest */;
			targetProxy = 439AD8EF1B8C602500729B54 /* PBXContainerItemProxy */;
		};
/* End PBXTargetDependency section */

/* Begin PBXVariantGroup section */
		439AD8E21B8C602500729B54 /* Main.storyboard */ = {
			isa = PBXVariantGroup;
			children = (
				439AD8E31B8C602500729B54 /* Base */,
			);
			name = Main.storyboard;
			sourceTree = "<group>";
		};
		439AD8E71B8C602500729B54 /* LaunchScreen.xib */ = {
			isa = PBXVariantGroup;
			children = (
				439AD8E81B8C602500729B54 /* Base */,
			);
			name = LaunchScreen.xib;
			sourceTree = "<group>";
		};
/* End PBXVariantGroup section */

/* Begin XCBuildConfiguration section */
		439AD8F61B8C602500729B54 /* Debug */ = {
			isa = XCBuildConfiguration;
			buildSettings = {
				ALWAYS_SEARCH_USER_PATHS = NO;
				CLANG_CXX_LANGUAGE_STANDARD = "gnu++0x";
				CLANG_CXX_LIBRARY = "libc++";
				CLANG_ENABLE_MODULES = YES;
				CLANG_ENABLE_OBJC_ARC = YES;
				CLANG_WARN_BOOL_CONVERSION = YES;
				CLANG_WARN_CONSTANT_CONVERSION = YES;
				CLANG_WARN_DIRECT_OBJC_ISA_USAGE = YES_ERROR;
				CLANG_WARN_EMPTY_BODY = YES;
				CLANG_WARN_ENUM_CONVERSION = YES;
				CLANG_WARN_INT_CONVERSION = YES;
				CLANG_WARN_OBJC_ROOT_CLASS = YES_ERROR;
				CLANG_WARN_UNREACHABLE_CODE = YES;
				CLANG_WARN__DUPLICATE_METHOD_MATCH = YES;
				"CODE_SIGN_IDENTITY[sdk=iphoneos*]" = "iPhone Developer";
				COPY_PHASE_STRIP = NO;
				DEBUG_INFORMATION_FORMAT = "dwarf-with-dsym";
				ENABLE_STRICT_OBJC_MSGSEND = YES;
				GCC_C_LANGUAGE_STANDARD = gnu99;
				GCC_DYNAMIC_NO_PIC = NO;
				GCC_NO_COMMON_BLOCKS = YES;
				GCC_OPTIMIZATION_LEVEL = 0;
				GCC_PREPROCESSOR_DEFINITIONS = (
					"DEBUG=1",
					"$(inherited)",
				);
				GCC_SYMBOLS_PRIVATE_EXTERN = NO;
				GCC_WARN_64_TO_32_BIT_CONVERSION = YES;
				GCC_WARN_ABOUT_RETURN_TYPE = YES_ERROR;
				GCC_WARN_UNDECLARED_SELECTOR = YES;
				GCC_WARN_UNINITIALIZED_AUTOS = YES_AGGRESSIVE;
				GCC_WARN_UNUSED_FUNCTION = YES;
				GCC_WARN_UNUSED_VARIABLE = YES;
				IPHONEOS_DEPLOYMENT_TARGET = 8.3;
				MTL_ENABLE_DEBUG_INFO = YES;
				ONLY_ACTIVE_ARCH = YES;
				SDKROOT = iphoneos;
			};
			name = Debug;
		};
		439AD8F71B8C602500729B54 /* Release */ = {
			isa = XCBuildConfiguration;
			buildSettings = {
				ALWAYS_SEARCH_USER_PATHS = NO;
				CLANG_CXX_LANGUAGE_STANDARD = "gnu++0x";
				CLANG_CXX_LIBRARY = "libc++";
				CLANG_ENABLE_MODULES = YES;
				CLANG_ENABLE_OBJC_ARC = YES;
				CLANG_WARN_BOOL_CONVERSION = YES;
				CLANG_WARN_CONSTANT_CONVERSION = YES;
				CLANG_WARN_DIRECT_OBJC_ISA_USAGE = YES_ERROR;
				CLANG_WARN_EMPTY_BODY = YES;
				CLANG_WARN_ENUM_CONVERSION = YES;
				CLANG_WARN_INT_CONVERSION = YES;
				CLANG_WARN_OBJC_ROOT_CLASS = YES_ERROR;
				CLANG_WARN_UNREACHABLE_CODE = YES;
				CLANG_WARN__DUPLICATE_METHOD_MATCH = YES;
				"CODE_SIGN_IDENTITY[sdk=iphoneos*]" = "iPhone Developer";
				COPY_PHASE_STRIP = NO;
				DEBUG_INFORMATION_FORMAT = "dwarf-with-dsym";
				ENABLE_NS_ASSERTIONS = NO;
				ENABLE_STRICT_OBJC_MSGSEND = YES;
				GCC_C_LANGUAGE_STANDARD = gnu99;
				GCC_NO_COMMON_BLOCKS = YES;
				GCC_WARN_64_TO_32_BIT_CONVERSION = YES;
				GCC_WARN_ABOUT_RETURN_TYPE = YES_ERROR;
				GCC_WARN_UNDECLARED_SELECTOR = YES;
				GCC_WARN_UNINITIALIZED_AUTOS = YES_AGGRESSIVE;
				GCC_WARN_UNUSED_FUNCTION = YES;
				GCC_WARN_UNUSED_VARIABLE = YES;
				IPHONEOS_DEPLOYMENT_TARGET = 8.3;
				MTL_ENABLE_DEBUG_INFO = NO;
				SDKROOT = iphoneos;
				VALIDATE_PRODUCT = YES;
			};
			name = Release;
		};
		439AD8F91B8C602500729B54 /* Debug */ = {
			isa = XCBuildConfiguration;
			buildSettings = {
				ASSETCATALOG_COMPILER_APPICON_NAME = AppIcon;
				INFOPLIST_FILE = GithubTest/Info.plist;
				LD_RUNPATH_SEARCH_PATHS = "$(inherited) @executable_path/Frameworks";
				PRODUCT_NAME = "$(TARGET_NAME)";
			};
			name = Debug;
		};
		439AD8FA1B8C602500729B54 /* Release */ = {
			isa = XCBuildConfiguration;
			buildSettings = {
				ASSETCATALOG_COMPILER_APPICON_NAME = AppIcon;
				INFOPLIST_FILE = GithubTest/Info.plist;
				LD_RUNPATH_SEARCH_PATHS = "$(inherited) @executable_path/Frameworks";
				PRODUCT_NAME = "$(TARGET_NAME)";
			};
			name = Release;
		};
		439AD8FC1B8C602500729B54 /* Debug */ = {
			isa = XCBuildConfiguration;
			buildSettings = {
				BUNDLE_LOADER = "$(TEST_HOST)";
				FRAMEWORK_SEARCH_PATHS = (
					"$(SDKROOT)/Developer/Library/Frameworks",
					"$(inherited)",
				);
				GCC_PREPROCESSOR_DEFINITIONS = (
					"DEBUG=1",
					"$(inherited)",
				);
				INFOPLIST_FILE = GithubTestTests/Info.plist;
				LD_RUNPATH_SEARCH_PATHS = "$(inherited) @executable_path/Frameworks @loader_path/Frameworks";
				PRODUCT_NAME = "$(TARGET_NAME)";
				TEST_HOST = "$(BUILT_PRODUCTS_DIR)/GithubTest.app/GithubTest";
			};
			name = Debug;
		};
		439AD8FD1B8C602500729B54 /* Release */ = {
			isa = XCBuildConfiguration;
			buildSettings = {
				BUNDLE_LOADER = "$(TEST_HOST)";
				FRAMEWORK_SEARCH_PATHS = (
					"$(SDKROOT)/Developer/Library/Frameworks",
					"$(inherited)",
				);
				INFOPLIST_FILE = GithubTestTests/Info.plist;
				LD_RUNPATH_SEARCH_PATHS = "$(inherited) @executable_path/Frameworks @loader_path/Frameworks";
				PRODUCT_NAME = "$(TARGET_NAME)";
				TEST_HOST = "$(BUILT_PRODUCTS_DIR)/GithubTest.app/GithubTest";
			};
			name = Release;
		};
/* End XCBuildConfiguration section */

/* Begin XCConfigurationList section */
		439AD8D01B8C602500729B54 /* Build configuration list for PBXProject "GithubTest" */ = {
			isa = XCConfigurationList;
			buildConfigurations = (
				439AD8F61B8C602500729B54 /* Debug */,
				439AD8F71B8C602500729B54 /* Release */,
			);
			defaultConfigurationIsVisible = 0;
			defaultConfigurationName = Release;
		};
		439AD8F81B8C602500729B54 /* Build configuration list for PBXNativeTarget "GithubTest" */ = {
			isa = XCConfigurationList;
			buildConfigurations = (
				439AD8F91B8C602500729B54 /* Debug */,
				439AD8FA1B8C602500729B54 /* Release */,
			);
			defaultConfigurationIsVisible = 0;
		};
		439AD8FB1B8C602500729B54 /* Build configuration list for PBXNativeTarget "GithubTestTests" */ = {
			isa = XCConfigurationList;
			buildConfigurations = (
				439AD8FC1B8C602500729B54 /* Debug */,
				439AD8FD1B8C602500729B54 /* Release */,
			);
			defaultConfigurationIsVisible = 0;
		};
/* End XCConfigurationList section */
	};
	rootObject = 439AD8CD1B8C602500729B54 /* Project object */;
}
